
Microsoft Visual Studio Solution File, Format Version 12.00
# Visual Studio Version 16
VisualStudioVersion = 16.0.29806.167
MinimumVisualStudioVersion = 10.0.40219.1
Project("{FAE04EC0-301F-11D3-BF4B-00C04F79EFBC}") = "BaaclifeAPI", "BaaclifeAPI.csproj", "{DC9CF5DB-0F71-4F84-900B-021041729AFA}"
EndProject
Global
	GlobalSection(SolutionConfigurationPlatforms) = preSolution
		Debug|Any CPU = Debug|Any CPU
		Release|Any CPU = Release|Any CPU
	EndGlobalSection
	GlobalSection(ProjectConfigurationPlatforms) = postSolution
		{DC9CF5DB-0F71-4F84-900B-021041729AFA}.Debug|Any CPU.ActiveCfg = Debug|Any CPU
		{DC9CF5DB-0F71-4F84-900B-021041729AFA}.Debug|Any CPU.Build.0 = Debug|Any CPU
		{DC9CF5DB-0F71-4F84-900B-021041729AFA}.Release|Any CPU.ActiveCfg = Release|Any CPU
		{DC9CF5DB-0F71-4F84-900B-021041729AFA}.Release|Any CPU.Build.0 = Release|Any CPU
	EndGlobalSection
	GlobalSection(SolutionProperties) = preSolution
		HideSolutionNode = FALSE
	EndGlobalSection
	GlobalSection(ExtensibilityGlobals) = postSolution
		SolutionGuid = {356B8BE0-58EF-46F3-A5F1-D2CAC3BE4BFC}
	EndGlobalSection
EndGlobal
